// !$*UTF8*$!
{
	archiveVersion = 1;
	classes = {
	};
	objectVersion = 48;
	objects = {

/* Begin PBXBuildFile section */
		45EB04EFDCB253E78816E263 /* Pods_PairVP.framework in Frameworks */ = {isa = PBXBuildFile; fileRef = 62A5BBB0BDB5036859FD4074 /* Pods_PairVP.framework */; };
		90466FEA2197715B00A88902 /* AppDelegate.swift in Sources */ = {isa = PBXBuildFile; fileRef = 90466FE92197715B00A88902 /* AppDelegate.swift */; };
		90466FEC2197715B00A88902 /* ViewController.swift in Sources */ = {isa = PBXBuildFile; fileRef = 90466FEB2197715B00A88902 /* ViewController.swift */; };
		90466FEF2197715B00A88902 /* Main.storyboard in Resources */ = {isa = PBXBuildFile; fileRef = 90466FED2197715B00A88902 /* Main.storyboard */; };
		90466FF12197715B00A88902 /* Assets.xcassets in Resources */ = {isa = PBXBuildFile; fileRef = 90466FF02197715B00A88902 /* Assets.xcassets */; };
		90466FF42197715B00A88902 /* LaunchScreen.storyboard in Resources */ = {isa = PBXBuildFile; fileRef = 90466FF22197715B00A88902 /* LaunchScreen.storyboard */; };
/* End PBXBuildFile section */

/* Begin PBXFileReference section */
		62A5BBB0BDB5036859FD4074 /* Pods_PairVP.framework */ = {isa = PBXFileReference; explicitFileType = wrapper.framework; includeInIndex = 0; path = Pods_PairVP.framework; sourceTree = BUILT_PRODUCTS_DIR; };
		90466FE62197715B00A88902 /* PairVP.app */ = {isa = PBXFileReference; explicitFileType = wrapper.application; includeInIndex = 0; path = PairVP.app; sourceTree = BUILT_PRODUCTS_DIR; };
		90466FE92197715B00A88902 /* AppDelegate.swift */ = {isa = PBXFileReference; lastKnownFileType = sourcecode.swift; path = AppDelegate.swift; sourceTree = "<group>"; };
		90466FEB2197715B00A88902 /* ViewController.swift */ = {isa = PBXFileReference; lastKnownFileType = sourcecode.swift; path = ViewController.swift; sourceTree = "<group>"; };
		90466FEE2197715B00A88902 /* Base */ = {isa = PBXFileReference; lastKnownFileType = file.storyboard; name = Base; path = Base.lproj/Main.storyboard; sourceTree = "<group>"; };
		90466FF02197715B00A88902 /* Assets.xcassets */ = {isa = PBXFileReference; lastKnownFileType = folder.assetcatalog; path = Assets.xcassets; sourceTree = "<group>"; };
		90466FF32197715B00A88902 /* Base */ = {isa = PBXFileReference; lastKnownFileType = file.storyboard; name = Base; path = Base.lproj/LaunchScreen.storyboard; sourceTree = "<group>"; };
		90466FF52197715B00A88902 /* Info.plist */ = {isa = PBXFileReference; lastKnownFileType = text.plist.xml; path = Info.plist; sourceTree = "<group>"; };
		D1F193E269CB478EA9FAEB1A /* Pods-PairVP.debug.xcconfig */ = {isa = PBXFileReference; includeInIndex = 1; lastKnownFileType = text.xcconfig; name = "Pods-PairVP.debug.xcconfig"; path = "Pods/Target Support Files/Pods-PairVP/Pods-PairVP.debug.xcconfig"; sourceTree = "<group>"; };
		FDD8540E149E1834A5FEAB7D /* Pods-PairVP.release.xcconfig */ = {isa = PBXFileReference; includeInIndex = 1; lastKnownFileType = text.xcconfig; name = "Pods-PairVP.release.xcconfig"; path = "Pods/Target Support Files/Pods-PairVP/Pods-PairVP.release.xcconfig"; sourceTree = "<group>"; };
/* End PBXFileReference section */

/* Begin PBXFrameworksBuildPhase section */
		90466FE32197715B00A88902 /* Frameworks */ = {
			isa = PBXFrameworksBuildPhase;
			buildActionMask = 2147483647;
			files = (
				45EB04EFDCB253E78816E263 /* Pods_PairVP.framework in Frameworks */,
			);
			runOnlyForDeploymentPostprocessing = 0;
		};
/* End PBXFrameworksBuildPhase section */

/* Begin PBXGroup section */
		3054C2BDB76F65E81409DC52 /* Frameworks */ = {
			isa = PBXGroup;
			children = (
				62A5BBB0BDB5036859FD4074 /* Pods_PairVP.framework */,
			);
			name = Frameworks;
			sourceTree = "<group>";
		};
		5D585F1C8F454837E9F19F39 /* Pods */ = {
			isa = PBXGroup;
			children = (
				D1F193E269CB478EA9FAEB1A /* Pods-PairVP.debug.xcconfig */,
				FDD8540E149E1834A5FEAB7D /* Pods-PairVP.release.xcconfig */,
			);
			name = Pods;
			sourceTree = "<group>";
		};
		90466FDD2197715B00A88902 = {
			isa = PBXGroup;
			children = (
				90466FE82197715B00A88902 /* PairVP */,
				90466FE72197715B00A88902 /* Products */,
				5D585F1C8F454837E9F19F39 /* Pods */,
				3054C2BDB76F65E81409DC52 /* Frameworks */,
			);
			sourceTree = "<group>";
		};
		90466FE72197715B00A88902 /* Products */ = {
			isa = PBXGroup;
			children = (
				90466FE62197715B00A88902 /* PairVP.app */,
			);
			name = Products;
			sourceTree = "<group>";
		};
		90466FE82197715B00A88902 /* PairVP */ = {
			isa = PBXGroup;
			children = (
				90466FE92197715B00A88902 /* AppDelegate.swift */,
				90466FEB2197715B00A88902 /* ViewController.swift */,
				90466FED2197715B00A88902 /* Main.storyboard */,
				90466FF02197715B00A88902 /* Assets.xcassets */,
				90466FF22197715B00A88902 /* LaunchScreen.storyboard */,
				90466FF52197715B00A88902 /* Info.plist */,
			);
			path = PairVP;
			sourceTree = "<group>";
		};
/* End PBXGroup section */

/* Begin PBXNativeTarget section */
		90466FE52197715B00A88902 /* PairVP */ = {
			isa = PBXNativeTarget;
			buildConfigurationList = 90466FF82197715B00A88902 /* Build configuration list for PBXNativeTarget "PairVP" */;
			buildPhases = (
				2C5F1EF60390181D6922268A /* [CP] Check Pods Manifest.lock */,
				90466FE22197715B00A88902 /* Sources */,
				90466FE32197715B00A88902 /* Frameworks */,
				90466FE42197715B00A88902 /* Resources */,
				E788BBCD1DD2958F31EA4536 /* [CP] Embed Pods Frameworks */,
			);
			buildRules = (
			);
			dependencies = (
			);
			name = PairVP;
			productName = PairVP;
			productReference = 90466FE62197715B00A88902 /* PairVP.app */;
			productType = "com.apple.product-type.application";
		};
/* End PBXNativeTarget section */

/* Begin PBXProject section */
		90466FDE2197715B00A88902 /* Project object */ = {
			isa = PBXProject;
			attributes = {
				LastSwiftUpdateCheck = 0920;
				LastUpgradeCheck = 0920;
				ORGANIZATIONNAME = "liwen xu";
				TargetAttributes = {
					90466FE52197715B00A88902 = {
						CreatedOnToolsVersion = 9.2;
						ProvisioningStyle = Automatic;
					};
				};
			};
			buildConfigurationList = 90466FE12197715B00A88902 /* Build configuration list for PBXProject "PairVP" */;
			compatibilityVersion = "Xcode 8.0";
			developmentRegion = en;
			hasScannedForEncodings = 0;
			knownRegions = (
				en,
				Base,
			);
			mainGroup = 90466FDD2197715B00A88902;
			productRefGroup = 90466FE72197715B00A88902 /* Products */;
			projectDirPath = "";
			projectRoot = "";
			targets = (
				90466FE52197715B00A88902 /* PairVP */,
			);
		};
/* End PBXProject section */

/* Begin PBXResourcesBuildPhase section */
		90466FE42197715B00A88902 /* Resources */ = {
			isa = PBXResourcesBuildPhase;
			buildActionMask = 2147483647;
			files = (
				90466FF42197715B00A88902 /* LaunchScreen.storyboard in Resources */,
				90466FF12197715B00A88902 /* Assets.xcassets in Resources */,
				90466FEF2197715B00A88902 /* Main.storyboard in Resources */,
			);
			runOnlyForDeploymentPostprocessing = 0;
		};
/* End PBXResourcesBuildPhase section */

/* Begin PBXShellScriptBuildPhase section */
		2C5F1EF60390181D6922268A /* [CP] Check Pods Manifest.lock */ = {
			isa = PBXShellScriptBuildPhase;
			buildActionMask = 2147483647;
			files = (
			);
			inputPaths = (
				"${PODS_PODFILE_DIR_PATH}/Podfile.lock",
				"${PODS_ROOT}/Manifest.lock",
			);
			name = "[CP] Check Pods Manifest.lock";
			outputPaths = (
				"$(DERIVED_FILE_DIR)/Pods-PairVP-checkManifestLockResult.txt",
			);
			runOnlyForDeploymentPostprocessing = 0;
			shellPath = /bin/sh;
			shellScript = "diff \"${PODS_PODFILE_DIR_PATH}/Podfile.lock\" \"${PODS_ROOT}/Manifest.lock\" > /dev/null\nif [ $? != 0 ] ; then\n    # print error to STDERR\n    echo \"error: The sandbox is not in sync with the Podfile.lock. Run 'pod install' or update your CocoaPods installation.\" >&2\n    exit 1\nfi\n# This output is used by Xcode 'outputs' to avoid re-running this script phase.\necho \"SUCCESS\" > \"${SCRIPT_OUTPUT_FILE_0}\"\n";
			showEnvVarsInLog = 0;
		};
		E788BBCD1DD2958F31EA4536 /* [CP] Embed Pods Frameworks */ = {
			isa = PBXShellScriptBuildPhase;
			buildActionMask = 2147483647;
			files = (
			);
			inputPaths = (
				"${SRCROOT}/Pods/Target Support Files/Pods-PairVP/Pods-PairVP-frameworks.sh",
				"${BUILT_PRODUCTS_DIR}/Alamofire/Alamofire.framework",
			);
			name = "[CP] Embed Pods Frameworks";
			outputPaths = (
				"${TARGET_BUILD_DIR}/${FRAMEWORKS_FOLDER_PATH}/Alamofire.framework",
			);
			runOnlyForDeploymentPostprocessing = 0;
			shellPath = /bin/sh;
			shellScript = "\"${SRCROOT}/Pods/Target Support Files/Pods-PairVP/Pods-PairVP-frameworks.sh\"\n";
			showEnvVarsInLog = 0;
		};
/* End PBXShellScriptBuildPhase section */

/* Begin PBXSourcesBuildPhase section */
		90466FE22197715B00A88902 /* Sources */ = {
			isa = PBXSourcesBuildPhase;
			buildActionMask = 2147483647;
			files = (
				90466FEC2197715B00A88902 /* ViewController.swift in Sources */,
				90466FEA2197715B00A88902 /* AppDelegate.swift in Sources */,
			);
			runOnlyForDeploymentPostprocessing = 0;
		};
/* End PBXSourcesBuildPhase section */

/* Begin PBXVariantGroup section */
		90466FED2197715B00A88902 /* Main.storyboard */ = {
			isa = PBXVariantGroup;
			children = (
				90466FEE2197715B00A88902 /* Base */,
			);
			name = Main.storyboard;
			sourceTree = "<group>";
		};
		90466FF22197715B00A88902 /* LaunchScreen.storyboard */ = {
			isa = PBXVariantGroup;
			children = (
				90466FF32197715B00A88902 /* Base */,
			);
			name = LaunchScreen.storyboard;
			sourceTree = "<group>";
		};
/* End PBXVariantGroup section */

/* Begin XCBuildConfiguration section */
		90466FF62197715B00A88902 /* Debug */ = {
			isa = XCBuildConfiguration;
			buildSettings = {
				ALWAYS_SEARCH_USER_PATHS = NO;
				CLANG_ANALYZER_NONNULL = YES;
				CLANG_ANALYZER_NUMBER_OBJECT_CONVERSION = YES_AGGRESSIVE;
				CLANG_CXX_LANGUAGE_STANDARD = "gnu++14";
				CLANG_CXX_LIBRARY = "libc++";
				CLANG_ENABLE_MODULES = YES;
				CLANG_ENABLE_OBJC_ARC = YES;
				CLANG_WARN_BLOCK_CAPTURE_AUTORELEASING = YES;
				CLANG_WARN_BOOL_CONVERSION = YES;
				CLANG_WARN_COMMA = YES;
				CLANG_WARN_CONSTANT_CONVERSION = YES;
				CLANG_WARN_DIRECT_OBJC_ISA_USAGE = YES_ERROR;
				CLANG_WARN_DOCUMENTATION_COMMENTS = YES;
				CLANG_WARN_EMPTY_BODY = YES;
				CLANG_WARN_ENUM_CONVERSION = YES;
				CLANG_WARN_INFINITE_RECURSION = YES;
				CLANG_WARN_INT_CONVERSION = YES;
				CLANG_WARN_NON_LITERAL_NULL_CONVERSION = YES;
				CLANG_WARN_OBJC_LITERAL_CONVERSION = YES;
				CLANG_WARN_OBJC_ROOT_CLASS = YES_ERROR;
				CLANG_WARN_RANGE_LOOP_ANALYSIS = YES;
				CLANG_WARN_STRICT_PROTOTYPES = YES;
				CLANG_WARN_SUSPICIOUS_MOVE = YES;
				CLANG_WARN_UNGUARDED_AVAILABILITY = YES_AGGRESSIVE;
				CLANG_WARN_UNREACHABLE_CODE = YES;
				CLANG_WARN__DUPLICATE_METHOD_MATCH = YES;
				CODE_SIGN_IDENTITY = "iPhone Developer";
				COPY_PHASE_STRIP = NO;
				DEBUG_INFORMATION_FORMAT = dwarf;
				ENABLE_STRICT_OBJC_MSGSEND = YES;
				ENABLE_TESTABILITY = YES;
				GCC_C_LANGUAGE_STANDARD = gnu11;
				GCC_DYNAMIC_NO_PIC = NO;
				GCC_NO_COMMON_BLOCKS = YES;
				GCC_OPTIMIZATION_LEVEL = 0;
				GCC_PREPROCESSOR_DEFINITIONS = (
					"DEBUG=1",
					"$(inherited)",
				);
				GCC_WARN_64_TO_32_BIT_CONVERSION = YES;
				GCC_WARN_ABOUT_RETURN_TYPE = YES_ERROR;
				GCC_WARN_UNDECLARED_SELECTOR = YES;
				GCC_WARN_UNINITIALIZED_AUTOS = YES_AGGRESSIVE;
				GCC_WARN_UNUSED_FUNCTION = YES;
				GCC_WARN_UNUSED_VARIABLE = YES;
				IPHONEOS_DEPLOYMENT_TARGET = 11.2;
				MTL_ENABLE_DEBUG_INFO = YES;
				ONLY_ACTIVE_ARCH = YES;
				SDKROOT = iphoneos;
				SWIFT_ACTIVE_COMPILATION_CONDITIONS = DEBUG;
				SWIFT_OPTIMIZATION_LEVEL = "-Onone";
			};
			name = Debug;
		};
		90466FF72197715B00A88902 /* Release */ = {
			isa = XCBuildConfiguration;
			buildSettings = {
				ALWAYS_SEARCH_USER_PATHS = NO;
				CLANG_ANALYZER_NONNULL = YES;
				CLANG_ANALYZER_NUMBER_OBJECT_CONVERSION = YES_AGGRESSIVE;
				CLANG_CXX_LANGUAGE_STANDARD = "gnu++14";
				CLANG_CXX_LIBRARY = "libc++";
				CLANG_ENABLE_MODULES = YES;
				CLANG_ENABLE_OBJC_ARC = YES;
				CLANG_WARN_BLOCK_CAPTURE_AUTORELEASING = YES;
				CLANG_WARN_BOOL_CONVERSION = YES;
				CLANG_WARN_COMMA = YES;
				CLANG_WARN_CONSTANT_CONVERSION = YES;
				CLANG_WARN_DIRECT_OBJC_ISA_USAGE = YES_ERROR;
				CLANG_WARN_DOCUMENTATION_COMMENTS = YES;
				CLANG_WARN_EMPTY_BODY = YES;
				CLANG_WARN_ENUM_CONVERSION = YES;
				CLANG_WARN_INFINITE_RECURSION = YES;
				CLANG_WARN_INT_CONVERSION = YES;
				CLANG_WARN_NON_LITERAL_NULL_CONVERSION = YES;
				CLANG_WARN_OBJC_LITERAL_CONVERSION = YES;
				CLANG_WARN_OBJC_ROOT_CLASS = YES_ERROR;
				CLANG_WARN_RANGE_LOOP_ANALYSIS = YES;
				CLANG_WARN_STRICT_PROTOTYPES = YES;
				CLANG_WARN_SUSPICIOUS_MOVE = YES;
				CLANG_WARN_UNGUARDED_AVAILABILITY = YES_AGGRESSIVE;
				CLANG_WARN_UNREACHABLE_CODE = YES;
				CLANG_WARN__DUPLICATE_METHOD_MATCH = YES;
				CODE_SIGN_IDENTITY = "iPhone Developer";
				COPY_PHASE_STRIP = NO;
				DEBUG_INFORMATION_FORMAT = "dwarf-with-dsym";
				ENABLE_NS_ASSERTIONS = NO;
				ENABLE_STRICT_OBJC_MSGSEND = YES;
				GCC_C_LANGUAGE_STANDARD = gnu11;
				GCC_NO_COMMON_BLOCKS = YES;
				GCC_WARN_64_TO_32_BIT_CONVERSION = YES;
				GCC_WARN_ABOUT_RETURN_TYPE = YES_ERROR;
				GCC_WARN_UNDECLARED_SELECTOR = YES;
				GCC_WARN_UNINITIALIZED_AUTOS = YES_AGGRESSIVE;
				GCC_WARN_UNUSED_FUNCTION = YES;
				GCC_WARN_UNUSED_VARIABLE = YES;
				IPHONEOS_DEPLOYMENT_TARGET = 11.2;
				MTL_ENABLE_DEBUG_INFO = NO;
				SDKROOT = iphoneos;
				SWIFT_OPTIMIZATION_LEVEL = "-Owholemodule";
				VALIDATE_PRODUCT = YES;
			};
			name = Release;
		};
		90466FF92197715B00A88902 /* Debug */ = {
			isa = XCBuildConfiguration;
			baseConfigurationReference = D1F193E269CB478EA9FAEB1A /* Pods-PairVP.debug.xcconfig */;
			buildSettings = {
				ASSETCATALOG_COMPILER_APPICON_NAME = AppIcon;
				CODE_SIGN_STYLE = Automatic;
				DEVELOPMENT_TEAM = QLHX429KGZ;
				INFOPLIST_FILE = PairVP/Info.plist;
				IPHONEOS_DEPLOYMENT_TARGET = 10.0;
				LD_RUNPATH_SEARCH_PATHS = "$(inherited) @executable_path/Frameworks";
				PRODUCT_BUNDLE_IDENTIFIER = vivansxu.PairVP;
				PRODUCT_NAME = "$(TARGET_NAME)";
				SWIFT_VERSION = 4.0;
				TARGETED_DEVICE_FAMILY = "1,2";
			};
			name = Debug;
		};
		90466FFA2197715B00A88902 /* Release */ = {
			isa = XCBuildConfiguration;
			baseConfigurationReference = FDD8540E149E1834A5FEAB7D /* Pods-PairVP.release.xcconfig */;
			buildSettings = {
				ASSETCATALOG_COMPILER_APPICON_NAME = AppIcon;
				CODE_SIGN_STYLE = Automatic;
				DEVELOPMENT_TEAM = QLHX429KGZ;
				INFOPLIST_FILE = PairVP/Info.plist;
				IPHONEOS_DEPLOYMENT_TARGET = 10.0;
				LD_RUNPATH_SEARCH_PATHS = "$(inherited) @executable_path/Frameworks";
				PRODUCT_BUNDLE_IDENTIFIER = vivansxu.PairVP;
				PRODUCT_NAME = "$(TARGET_NAME)";
				SWIFT_VERSION = 4.0;
				TARGETED_DEVICE_FAMILY = "1,2";
			};
			name = Release;
		};
/* End XCBuildConfiguration section */

/* Begin XCConfigurationList section */
		90466FE12197715B00A88902 /* Build configuration list for PBXProject "PairVP" */ = {
			isa = XCConfigurationList;
			buildConfigurations = (
				90466FF62197715B00A88902 /* Debug */,
				90466FF72197715B00A88902 /* Release */,
			);
			defaultConfigurationIsVisible = 0;
			defaultConfigurationName = Release;
		};
		90466FF82197715B00A88902 /* Build configuration list for PBXNativeTarget "PairVP" */ = {
			isa = XCConfigurationList;
			buildConfigurations = (
				90466FF92197715B00A88902 /* Debug */,
				90466FFA2197715B00A88902 /* Release */,
			);
			defaultConfigurationIsVisible = 0;
			defaultConfigurationName = Release;
		};
/* End XCConfigurationList section */
	};
	rootObject = 90466FDE2197715B00A88902 /* Project object */;
}
